
Microsoft Visual Studio Solution File, Format Version 12.00
# Visual Studio Version 17
VisualStudioVersion = 17.7.34018.315
MinimumVisualStudioVersion = 10.0.40219.1
Project("{FAE04EC0-301F-11D3-BF4B-00C04F79EFBC}") = "inlamning5.2", "inlamning5.2\inlamning5.2.csproj", "{3423486D-3D27-4D9A-B311-EE38F081653A}"
EndProject
Global
	GlobalSection(SolutionConfigurationPlatforms) = preSolution
		Debug|Any CPU = Debug|Any CPU
		Release|Any CPU = Release|Any CPU
	EndGlobalSection
	GlobalSection(ProjectConfigurationPlatforms) = postSolution
		{3423486D-3D27-4D9A-B311-EE38F081653A}.Debug|Any CPU.ActiveCfg = Debug|Any CPU
		{3423486D-3D27-4D9A-B311-EE38F081653A}.Debug|Any CPU.Build.0 = Debug|Any CPU
		{3423486D-3D27-4D9A-B311-EE38F081653A}.Release|Any CPU.ActiveCfg = Release|Any CPU
		{3423486D-3D27-4D9A-B311-EE38F081653A}.Release|Any CPU.Build.0 = Release|Any CPU
	EndGlobalSection
	GlobalSection(SolutionProperties) = preSolution
		HideSolutionNode = FALSE
	EndGlobalSection
	GlobalSection(ExtensibilityGlobals) = postSolution
		SolutionGuid = {9D1F4753-625C-49F4-8D40-5C50AD47C953}
	EndGlobalSection
EndGlobal
